{
  "name": "frappe-agt-types",
  "version": "1.0.0",
  "lockfileVersion": 3,
  "requires": true,
  "packages": {
    "": {
      "version": "1.0.0",
      "dependencies": {
        "@anygridtech/frappe-types": "^2.0.2"
      }
    },
    "node_modules/@anygridtech/frappe-types": {
      "version": "2.0.2",
      "resolved": "https://registry.npmjs.org/@anygridtech/frappe-types/-/frappe-types-2.0.2.tgz",
      "integrity": "sha512-kHGSHuCZhhx8S8+uX1doYmP9/moNAu3o8tiofknkhURiM26MhxXsQHZISvD4GSSjTmN0X/Yn402D4ViLddw2gg==",
      "license": "MIT",
      "dependencies": {
        "@types/jquery": "^3.5.33"
      }
    },
    "node_modules/@types/jquery": {
      "version": "3.5.33",
      "resolved": "https://registry.npmjs.org/@types/jquery/-/jquery-3.5.33.tgz",
      "integrity": "sha512-SeyVJXlCZpEki5F0ghuYe+L+PprQta6nRZqhONt9F13dWBtR/ftoaIbdRQ7cis7womE+X2LKhsDdDtkkDhJS6g==",
      "license": "MIT",
      "dependencies": {
        "@types/sizzle": "*"
      }
    },
    "node_modules/@types/sizzle": {
      "version": "2.3.10",
      "resolved": "https://registry.npmjs.org/@types/sizzle/-/sizzle-2.3.10.tgz",
      "integrity": "sha512-TC0dmN0K8YcWEAEfiPi5gJP14eJe30TTGjkvek3iM/1NdHHsdCA/Td6GvNndMOo/iSnIsZ4HuuhrYPDAmbxzww==",
      "license": "MIT"
    }
  }
}
